
Microsoft Visual Studio Solution File, Format Version 12.00
# Visual Studio Version 16
VisualStudioVersion = 16.0.30204.135
MinimumVisualStudioVersion = 10.0.40219.1
Project("{FAE04EC0-301F-11D3-BF4B-00C04F79EFBC}") = "StockMonitor_2", "StockMonitor_2.csproj", "{446C7147-EFF1-4739-9CF3-7843841380F1}"
EndProject
Global
	GlobalSection(SolutionConfigurationPlatforms) = preSolution
		Debug|Any CPU = Debug|Any CPU
		Release|Any CPU = Release|Any CPU
	EndGlobalSection
	GlobalSection(ProjectConfigurationPlatforms) = postSolution
		{446C7147-EFF1-4739-9CF3-7843841380F1}.Debug|Any CPU.ActiveCfg = Debug|Any CPU
		{446C7147-EFF1-4739-9CF3-7843841380F1}.Debug|Any CPU.Build.0 = Debug|Any CPU
		{446C7147-EFF1-4739-9CF3-7843841380F1}.Release|Any CPU.ActiveCfg = Release|Any CPU
		{446C7147-EFF1-4739-9CF3-7843841380F1}.Release|Any CPU.Build.0 = Release|Any CPU
	EndGlobalSection
	GlobalSection(SolutionProperties) = preSolution
		HideSolutionNode = FALSE
	EndGlobalSection
	GlobalSection(ExtensibilityGlobals) = postSolution
		SolutionGuid = {C1B34E69-2FE2-4356-907E-97C29B032DE4}
	EndGlobalSection
EndGlobal
